
Microsoft Visual Studio Solution File, Format Version 12.00
# Visual Studio Version 16
VisualStudioVersion = 16.0.31112.23
MinimumVisualStudioVersion = 10.0.40219.1
Project("{FAE04EC0-301F-11D3-BF4B-00C04F79EFBC}") = "Exercicio_Orientação_Objeto_02", "Exercicio_Orientação_Objeto_02\Exercicio_Orientação_Objeto_02.csproj", "{DB7561EA-9269-42DB-997E-8B9D201312B6}"
EndProject
Global
	GlobalSection(SolutionConfigurationPlatforms) = preSolution
		Debug|Any CPU = Debug|Any CPU
		Release|Any CPU = Release|Any CPU
	EndGlobalSection
	GlobalSection(ProjectConfigurationPlatforms) = postSolution
		{DB7561EA-9269-42DB-997E-8B9D201312B6}.Debug|Any CPU.ActiveCfg = Debug|Any CPU
		{DB7561EA-9269-42DB-997E-8B9D201312B6}.Debug|Any CPU.Build.0 = Debug|Any CPU
		{DB7561EA-9269-42DB-997E-8B9D201312B6}.Release|Any CPU.ActiveCfg = Release|Any CPU
		{DB7561EA-9269-42DB-997E-8B9D201312B6}.Release|Any CPU.Build.0 = Release|Any CPU
	EndGlobalSection
	GlobalSection(SolutionProperties) = preSolution
		HideSolutionNode = FALSE
	EndGlobalSection
	GlobalSection(ExtensibilityGlobals) = postSolution
		SolutionGuid = {1DB2E051-BEAE-406F-A1E9-0555F4218FB7}
	EndGlobalSection
EndGlobal
