
Microsoft Visual Studio Solution File, Format Version 12.00
# Visual Studio Version 16
VisualStudioVersion = 16.0.31112.23
MinimumVisualStudioVersion = 10.0.40219.1
Project("{FAE04EC0-301F-11D3-BF4B-00C04F79EFBC}") = "Exercício_Orientação_Objeto_04", "Exercício_Orientação_Objeto_04\Exercício_Orientação_Objeto_04.csproj", "{6A6BFDEB-3F21-4DDB-AB20-556E328EFAA7}"
EndProject
Global
	GlobalSection(SolutionConfigurationPlatforms) = preSolution
		Debug|Any CPU = Debug|Any CPU
		Release|Any CPU = Release|Any CPU
	EndGlobalSection
	GlobalSection(ProjectConfigurationPlatforms) = postSolution
		{6A6BFDEB-3F21-4DDB-AB20-556E328EFAA7}.Debug|Any CPU.ActiveCfg = Debug|Any CPU
		{6A6BFDEB-3F21-4DDB-AB20-556E328EFAA7}.Debug|Any CPU.Build.0 = Debug|Any CPU
		{6A6BFDEB-3F21-4DDB-AB20-556E328EFAA7}.Release|Any CPU.ActiveCfg = Release|Any CPU
		{6A6BFDEB-3F21-4DDB-AB20-556E328EFAA7}.Release|Any CPU.Build.0 = Release|Any CPU
	EndGlobalSection
	GlobalSection(SolutionProperties) = preSolution
		HideSolutionNode = FALSE
	EndGlobalSection
	GlobalSection(ExtensibilityGlobals) = postSolution
		SolutionGuid = {4831D90F-66D5-468D-8357-C68171623CDE}
	EndGlobalSection
EndGlobal
