
Microsoft Visual Studio Solution File, Format Version 12.00
# Visual Studio Version 16
VisualStudioVersion = 16.0.31129.286
MinimumVisualStudioVersion = 10.0.40219.1
Project("{FAE04EC0-301F-11D3-BF4B-00C04F79EFBC}") = "Exercício_Orientacao_Objeto_09", "Exercício_Orientacao_Objeto_09\Exercício_Orientacao_Objeto_09.csproj", "{E471B390-8387-489B-93E8-1B085A608E4A}"
EndProject
Global
	GlobalSection(SolutionConfigurationPlatforms) = preSolution
		Debug|Any CPU = Debug|Any CPU
		Release|Any CPU = Release|Any CPU
	EndGlobalSection
	GlobalSection(ProjectConfigurationPlatforms) = postSolution
		{E471B390-8387-489B-93E8-1B085A608E4A}.Debug|Any CPU.ActiveCfg = Debug|Any CPU
		{E471B390-8387-489B-93E8-1B085A608E4A}.Debug|Any CPU.Build.0 = Debug|Any CPU
		{E471B390-8387-489B-93E8-1B085A608E4A}.Release|Any CPU.ActiveCfg = Release|Any CPU
		{E471B390-8387-489B-93E8-1B085A608E4A}.Release|Any CPU.Build.0 = Release|Any CPU
	EndGlobalSection
	GlobalSection(SolutionProperties) = preSolution
		HideSolutionNode = FALSE
	EndGlobalSection
	GlobalSection(ExtensibilityGlobals) = postSolution
		SolutionGuid = {94A44D1E-D61D-4601-875C-567B30E6F91B}
	EndGlobalSection
EndGlobal
