
Microsoft Visual Studio Solution File, Format Version 12.00
# Visual Studio Version 16
VisualStudioVersion = 16.0.31129.286
MinimumVisualStudioVersion = 10.0.40219.1
Project("{FAE04EC0-301F-11D3-BF4B-00C04F79EFBC}") = "Exercício_Orientacao_Objeto_08", "Exercício_Orientacao_Objeto_08\Exercício_Orientacao_Objeto_08.csproj", "{A7911CCF-D677-4E30-9047-F518BD42B10C}"
EndProject
Global
	GlobalSection(SolutionConfigurationPlatforms) = preSolution
		Debug|Any CPU = Debug|Any CPU
		Release|Any CPU = Release|Any CPU
	EndGlobalSection
	GlobalSection(ProjectConfigurationPlatforms) = postSolution
		{A7911CCF-D677-4E30-9047-F518BD42B10C}.Debug|Any CPU.ActiveCfg = Debug|Any CPU
		{A7911CCF-D677-4E30-9047-F518BD42B10C}.Debug|Any CPU.Build.0 = Debug|Any CPU
		{A7911CCF-D677-4E30-9047-F518BD42B10C}.Release|Any CPU.ActiveCfg = Release|Any CPU
		{A7911CCF-D677-4E30-9047-F518BD42B10C}.Release|Any CPU.Build.0 = Release|Any CPU
	EndGlobalSection
	GlobalSection(SolutionProperties) = preSolution
		HideSolutionNode = FALSE
	EndGlobalSection
	GlobalSection(ExtensibilityGlobals) = postSolution
		SolutionGuid = {A5747744-3EC9-4035-A8C5-29F0ACD3DE94}
	EndGlobalSection
EndGlobal
