
Microsoft Visual Studio Solution File, Format Version 12.00
# Visual Studio Version 16
VisualStudioVersion = 16.0.31112.23
MinimumVisualStudioVersion = 10.0.40219.1
Project("{FAE04EC0-301F-11D3-BF4B-00C04F79EFBC}") = "Exercício_Orientacao_Objeto_07", "Exercício_Orientacao_Objeto_07\Exercício_Orientacao_Objeto_07.csproj", "{C8816CD0-5AEA-466B-99BA-0723D6005514}"
EndProject
Global
	GlobalSection(SolutionConfigurationPlatforms) = preSolution
		Debug|Any CPU = Debug|Any CPU
		Release|Any CPU = Release|Any CPU
	EndGlobalSection
	GlobalSection(ProjectConfigurationPlatforms) = postSolution
		{C8816CD0-5AEA-466B-99BA-0723D6005514}.Debug|Any CPU.ActiveCfg = Debug|Any CPU
		{C8816CD0-5AEA-466B-99BA-0723D6005514}.Debug|Any CPU.Build.0 = Debug|Any CPU
		{C8816CD0-5AEA-466B-99BA-0723D6005514}.Release|Any CPU.ActiveCfg = Release|Any CPU
		{C8816CD0-5AEA-466B-99BA-0723D6005514}.Release|Any CPU.Build.0 = Release|Any CPU
	EndGlobalSection
	GlobalSection(SolutionProperties) = preSolution
		HideSolutionNode = FALSE
	EndGlobalSection
	GlobalSection(ExtensibilityGlobals) = postSolution
		SolutionGuid = {98A087A7-B82C-4344-ADD4-301F5737835A}
	EndGlobalSection
EndGlobal
